
Microsoft Visual Studio Solution File, Format Version 12.00
# Visual Studio Version 17
VisualStudioVersion = 17.5.33530.505
MinimumVisualStudioVersion = 10.0.40219.1
Project("{FAE04EC0-301F-11D3-BF4B-00C04F79EFBC}") = "SassKit.Multitenancy", "SassKit.Multitenancy\SassKit.Multitenancy.csproj", "{113D63CF-0B9B-463F-ADC8-6EDDA9781C98}"
EndProject
Project("{FAE04EC0-301F-11D3-BF4B-00C04F79EFBC}") = "SaasKit.Multitenancy.StructureMap", "SaasKit.Multitenancy.StructureMap\SaasKit.Multitenancy.StructureMap.csproj", "{B4D22848-62A0-40DA-B39F-E8F403FBEAD4}"
EndProject
Project("{FAE04EC0-301F-11D3-BF4B-00C04F79EFBC}") = "AspNetSample", "AspNetSample\AspNetSample.csproj", "{B0909FC4-637A-45B0-94F6-2CB1A2B88D17}"
EndProject
Global
	GlobalSection(SolutionConfigurationPlatforms) = preSolution
		Debug|Any CPU = Debug|Any CPU
		Release|Any CPU = Release|Any CPU
	EndGlobalSection
	GlobalSection(ProjectConfigurationPlatforms) = postSolution
		{113D63CF-0B9B-463F-ADC8-6EDDA9781C98}.Debug|Any CPU.ActiveCfg = Debug|Any CPU
		{113D63CF-0B9B-463F-ADC8-6EDDA9781C98}.Debug|Any CPU.Build.0 = Debug|Any CPU
		{113D63CF-0B9B-463F-ADC8-6EDDA9781C98}.Release|Any CPU.ActiveCfg = Release|Any CPU
		{113D63CF-0B9B-463F-ADC8-6EDDA9781C98}.Release|Any CPU.Build.0 = Release|Any CPU
		{B4D22848-62A0-40DA-B39F-E8F403FBEAD4}.Debug|Any CPU.ActiveCfg = Debug|Any CPU
		{B4D22848-62A0-40DA-B39F-E8F403FBEAD4}.Debug|Any CPU.Build.0 = Debug|Any CPU
		{B4D22848-62A0-40DA-B39F-E8F403FBEAD4}.Release|Any CPU.ActiveCfg = Release|Any CPU
		{B4D22848-62A0-40DA-B39F-E8F403FBEAD4}.Release|Any CPU.Build.0 = Release|Any CPU
		{B0909FC4-637A-45B0-94F6-2CB1A2B88D17}.Debug|Any CPU.ActiveCfg = Debug|Any CPU
		{B0909FC4-637A-45B0-94F6-2CB1A2B88D17}.Debug|Any CPU.Build.0 = Debug|Any CPU
		{B0909FC4-637A-45B0-94F6-2CB1A2B88D17}.Release|Any CPU.ActiveCfg = Release|Any CPU
		{B0909FC4-637A-45B0-94F6-2CB1A2B88D17}.Release|Any CPU.Build.0 = Release|Any CPU
	EndGlobalSection
	GlobalSection(SolutionProperties) = preSolution
		HideSolutionNode = FALSE
	EndGlobalSection
	GlobalSection(ExtensibilityGlobals) = postSolution
		SolutionGuid = {24401703-96FD-4068-900D-7F135927E00B}
	EndGlobalSection
EndGlobal
